{
  "name": "kurso-zagreba-metodo",
  "lockfileVersion": 3,
  "requires": true,
  "packages": {
    "": {
      "name": "kurso-zagreba-metodo",
      "dependencies": {
        "bootstrap": "3.3.6",
        "jquery": "1.11.3",
        "jquery-ui-bundle": "1.11.4",
        "typeahead.js": "0.11.1"
      }
    },
    "node_modules/bootstrap": {
      "version": "3.3.6",
      "resolved": "https://registry.npmjs.org/bootstrap/-/bootstrap-3.3.6.tgz",
      "integrity": "sha512-XC+LTYJoVYHIalmjNcznwlZHY+YLhMJ9NPs8M2aEweugK7wMrto3h79POn7O5Vj/woDU/tjzmjyUbAd1HzSXIw==",
      "deprecated": "This version of Bootstrap is no longer supported. Please upgrade to the latest version.",
      "license": "MIT",
      "engines": {
        "node": ">=0.10.1"
      }
    },
    "node_modules/jquery": {
      "version": "1.11.3",
      "resolved": "https://registry.npmjs.org/jquery/-/jquery-1.11.3.tgz",
      "integrity": "sha512-pHM/XLofp0FJc0/0AsRm8q/5ob+a1kno+vfclXGozaMBPv3qD7Xq19loECVcBB4MOLdygnyneQMPTsH5QiVNBQ==",
      "deprecated": "This version is deprecated. Please upgrade to the latest version or find support at https://www.herodevs.com/support/jquery-nes."
    },
    "node_modules/jquery-ui-bundle": {
      "version": "1.11.4",
      "resolved": "https://registry.npmjs.org/jquery-ui-bundle/-/jquery-ui-bundle-1.11.4.tgz",
      "integrity": "sha512-ihmTNIY3V2qvgtM4PPB2sg58fsojb37soOIjjHFNun4zLx7jZpsyjI8Lr7LJz/Mhk9MTBZLMF+lXFq2LRYi/Xg==",
      "license": "MIT"
    },
    "node_modules/typeahead.js": {
      "version": "0.11.1",
      "resolved": "https://registry.npmjs.org/typeahead.js/-/typeahead.js-0.11.1.tgz",
      "integrity": "sha512-yGaLzGjVHyryZdNfrWz2NHXUwEO7hrlVmGMGCo5+6mH3nEEhcQ0Te3mK3G60uRnxfERu8twOWSU4WmwScbwhMg==",
      "dependencies": {
        "jquery": ">=1.7"
      }
    }
  }
}
